
Microsoft Visual Studio Solution File, Format Version 12.00
# Visual Studio Version 17
Project("{8BC9CEB8-8B4A-11D0-8D11-00A0C91BC942}") = "SumatraPDF", "SumatraPDF.vcxproj", "{DC1BAF9B-C8D3-F0E8-31DB-C9441DB28BD9}"
EndProject
Project("{8BC9CEB8-8B4A-11D0-8D11-00A0C91BC942}") = "PdfFilter", "PdfFilter.vcxproj", "{85945DF9-F1FE-1170-3A3D-C315A6E6EFC4}"
EndProject
Project("{8BC9CEB8-8B4A-11D0-8D11-00A0C91BC942}") = "PdfPreview", "PdfPreview.vcxproj", "{616F573B-4D27-9988-B62E-72E4A2053479}"
EndProject
Project("{8BC9CEB8-8B4A-11D0-8D11-00A0C91BC942}") = "PdfPreviewTest", "PdfPreviewTest.vcxproj", "{A10482EE-8DD2-75F4-7666-E61A62D35159}"
	ProjectSection(ProjectDependencies) = postProject
		{616F573B-4D27-9988-B62E-72E4A2053479} = {616F573B-4D27-9988-B62E-72E4A2053479}
	EndProjectSection
EndProject
Project("{8BC9CEB8-8B4A-11D0-8D11-00A0C91BC942}") = "SumatraPDF-dll", "SumatraPDF-dll.vcxproj", "{A50E6CD3-91DC-5FD9-7A70-D0FF66DD3B3E}"
	ProjectSection(ProjectDependencies) = postProject
		{85945DF9-F1FE-1170-3A3D-C315A6E6EFC4} = {85945DF9-F1FE-1170-3A3D-C315A6E6EFC4}
		{616F573B-4D27-9988-B62E-72E4A2053479} = {616F573B-4D27-9988-B62E-72E4A2053479}
		{22AB719A-8E15-2611-D753-D7B643FD0366} = {22AB719A-8E15-2611-D753-D7B643FD0366}
	EndProjectSection
EndProject
Project("{8BC9CEB8-8B4A-11D0-8D11-00A0C91BC942}") = "bin2coff", "bin2coff.vcxproj", "{EE20E283-DAED-3C8F-0307-2B37EF32721D}"
EndProject
Project("{8BC9CEB8-8B4A-11D0-8D11-00A0C91BC942}") = "chm", "chm.vcxproj", "{DD65880B-496F-887C-D2EA-9E7C3EF3937C}"
EndProject
Project("{8BC9CEB8-8B4A-11D0-8D11-00A0C91BC942}") = "dav1d", "dav1d.vcxproj", "{F5BF470F-61D4-6FC0-2A56-132096296CF1}"
EndProject
Project("{8BC9CEB8-8B4A-11D0-8D11-00A0C91BC942}") = "libdjvu", "libdjvu.vcxproj", "{B5F26479-21D2-E314-2AEA-6EEB96484A76}"
EndProject
Project("{8BC9CEB8-8B4A-11D0-8D11-00A0C91BC942}") = "libheif", "libheif.vcxproj", "{380D6779-A4EC-E514-AD04-71EB19634C76}"
EndProject
Project("{8BC9CEB8-8B4A-11D0-8D11-00A0C91BC942}") = "libmupdf", "libmupdf.vcxproj", "{B812ACA6-A4DF-06B2-CDF8-F459B9243C40}"
EndProject
Project("{8BC9CEB8-8B4A-11D0-8D11-00A0C91BC942}") = "libwebp", "libwebp.vcxproj", "{0A466F79-7625-EE14-7F3D-79EBEB9B5476}"
EndProject
Project("{8BC9CEB8-8B4A-11D0-8D11-00A0C91BC942}") = "mupdf", "mupdf.vcxproj", "{2181F50F-8D95-1DC1-5617-C120C2EA19F2}"
EndProject
Project("{8BC9CEB8-8B4A-11D0-8D11-00A0C91BC942}") = "mupdf-libs", "mupdf-libs.vcxproj", "{18B1F38A-0469-35D8-6D70-0E345947D0C8}"
EndProject
Project("{8BC9CEB8-8B4A-11D0-8D11-00A0C91BC942}") = "plugin-test", "plugin-test.vcxproj", "{21A274DA-8D57-EDCF-164C-E7A68200E4D3}"
EndProject
Project("{8BC9CEB8-8B4A-11D0-8D11-00A0C91BC942}") = "signfile", "signfile.vcxproj", "{16722C28-023F-8733-2B58-75DB1784BCC1}"
EndProject
Project("{8BC9CEB8-8B4A-11D0-8D11-00A0C91BC942}") = "sizer", "sizer.vcxproj", "{52AA5B10-BEBE-83C1-8740-2721F31380F2}"
EndProject
Project("{8BC9CEB8-8B4A-11D0-8D11-00A0C91BC942}") = "test_util", "test_util.vcxproj", "{22AB719A-8E15-2611-D753-D7B643FD0366}"
EndProject
Project("{8BC9CEB8-8B4A-11D0-8D11-00A0C91BC942}") = "unarrlib", "unarrlib.vcxproj", "{C45AE373-B027-3E7F-D940-2C27C56C730D}"
EndProject
Project("{8BC9CEB8-8B4A-11D0-8D11-00A0C91BC942}") = "unrar", "unrar.vcxproj", "{AD768210-198B-AAC1-E20C-4E214EE0A6F2}"
EndProject
Project("{8BC9CEB8-8B4A-11D0-8D11-00A0C91BC942}") = "utils", "utils.vcxproj", "{169C8510-82B0-ADC1-4B32-5121B705AAF2}"
EndProject
Project("{8BC9CEB8-8B4A-11D0-8D11-00A0C91BC942}") = "zlib", "zlib.vcxproj", "{16CFA17C-0206-A30D-ABF2-881097081F0F}"
EndProject
Global
	GlobalSection(SolutionConfigurationPlatforms) = preSolution
		Release|x64 = Release|x64
	EndGlobalSection
	GlobalSection(ProjectConfigurationPlatforms) = postSolution
		{DC1BAF9B-C8D3-F0E8-31DB-C9441DB28BD9}.Release|x64.ActiveCfg = Release|x64
		{DC1BAF9B-C8D3-F0E8-31DB-C9441DB28BD9}.Release|x64.Build.0 = Release|x64
		{85945DF9-F1FE-1170-3A3D-C315A6E6EFC4}.Release|x64.ActiveCfg = Release|x64
		{85945DF9-F1FE-1170-3A3D-C315A6E6EFC4}.Release|x64.Build.0 = Release|x64
		{616F573B-4D27-9988-B62E-72E4A2053479}.Release|x64.ActiveCfg = Release|x64
		{616F573B-4D27-9988-B62E-72E4A2053479}.Release|x64.Build.0 = Release|x64
		{A10482EE-8DD2-75F4-7666-E61A62D35159}.Release|x64.ActiveCfg = Release|x64
		{A10482EE-8DD2-75F4-7666-E61A62D35159}.Release|x64.Build.0 = Release|x64
		{A50E6CD3-91DC-5FD9-7A70-D0FF66DD3B3E}.Release|x64.ActiveCfg = Release|x64
		{A50E6CD3-91DC-5FD9-7A70-D0FF66DD3B3E}.Release|x64.Build.0 = Release|x64
		{EE20E283-DAED-3C8F-0307-2B37EF32721D}.Release|x64.ActiveCfg = Release|x64
		{EE20E283-DAED-3C8F-0307-2B37EF32721D}.Release|x64.Build.0 = Release|x64
		{DD65880B-496F-887C-D2EA-9E7C3EF3937C}.Release|x64.ActiveCfg = Release|x64
		{DD65880B-496F-887C-D2EA-9E7C3EF3937C}.Release|x64.Build.0 = Release|x64
		{F5BF470F-61D4-6FC0-2A56-132096296CF1}.Release|x64.ActiveCfg = Release|x64
		{F5BF470F-61D4-6FC0-2A56-132096296CF1}.Release|x64.Build.0 = Release|x64
		{B5F26479-21D2-E314-2AEA-6EEB96484A76}.Release|x64.ActiveCfg = Release|x64
		{B5F26479-21D2-E314-2AEA-6EEB96484A76}.Release|x64.Build.0 = Release|x64
		{380D6779-A4EC-E514-AD04-71EB19634C76}.Release|x64.ActiveCfg = Release|x64
		{380D6779-A4EC-E514-AD04-71EB19634C76}.Release|x64.Build.0 = Release|x64
		{B812ACA6-A4DF-06B2-CDF8-F459B9243C40}.Release|x64.ActiveCfg = Release|x64
		{B812ACA6-A4DF-06B2-CDF8-F459B9243C40}.Release|x64.Build.0 = Release|x64
		{0A466F79-7625-EE14-7F3D-79EBEB9B5476}.Release|x64.ActiveCfg = Release|x64
		{0A466F79-7625-EE14-7F3D-79EBEB9B5476}.Release|x64.Build.0 = Release|x64
		{2181F50F-8D95-1DC1-5617-C120C2EA19F2}.Release|x64.ActiveCfg = Release|x64
		{2181F50F-8D95-1DC1-5617-C120C2EA19F2}.Release|x64.Build.0 = Release|x64
		{18B1F38A-0469-35D8-6D70-0E345947D0C8}.Release|x64.ActiveCfg = Release|x64
		{18B1F38A-0469-35D8-6D70-0E345947D0C8}.Release|x64.Build.0 = Release|x64
		{21A274DA-8D57-EDCF-164C-E7A68200E4D3}.Release|x64.ActiveCfg = Release|x64
		{21A274DA-8D57-EDCF-164C-E7A68200E4D3}.Release|x64.Build.0 = Release|x64
		{16722C28-023F-8733-2B58-75DB1784BCC1}.Release|x64.ActiveCfg = Release|x64
		{16722C28-023F-8733-2B58-75DB1784BCC1}.Release|x64.Build.0 = Release|x64
		{52AA5B10-BEBE-83C1-8740-2721F31380F2}.Release|x64.ActiveCfg = Release|x64
		{52AA5B10-BEBE-83C1-8740-2721F31380F2}.Release|x64.Build.0 = Release|x64
		{22AB719A-8E15-2611-D753-D7B643FD0366}.Release|x64.ActiveCfg = Release|x64
		{22AB719A-8E15-2611-D753-D7B643FD0366}.Release|x64.Build.0 = Release|x64
		{C45AE373-B027-3E7F-D940-2C27C56C730D}.Release|x64.ActiveCfg = Release|x64
		{C45AE373-B027-3E7F-D940-2C27C56C730D}.Release|x64.Build.0 = Release|x64
		{AD768210-198B-AAC1-E20C-4E214EE0A6F2}.Release|x64.ActiveCfg = Release|x64
		{AD768210-198B-AAC1-E20C-4E214EE0A6F2}.Release|x64.Build.0 = Release|x64
		{169C8510-82B0-ADC1-4B32-5121B705AAF2}.Release|x64.ActiveCfg = Release|x64
		{169C8510-82B0-ADC1-4B32-5121B705AAF2}.Release|x64.Build.0 = Release|x64
		{16CFA17C-0206-A30D-ABF2-881097081F0F}.Release|x64.ActiveCfg = Release|x64
		{16CFA17C-0206-A30D-ABF2-881097081F0F}.Release|x64.Build.0 = Release|x64
	EndGlobalSection
	GlobalSection(SolutionProperties) = preSolution
		HideSolutionNode = FALSE
	EndGlobalSection
EndGlobal
